
Microsoft Visual Studio Solution File, Format Version 12.00
# Visual Studio Version 17
VisualStudioVersion = 17.5.002.0
MinimumVisualStudioVersion = 10.0.40219.1
Project("{9A19103F-16F7-4668-BE54-9A1E7A4F7556}") = "blogApp", "blogApp.csproj", "{45339AC2-A31A-434D-ABBB-5675B0D4EAF9}"
EndProject
Global
	GlobalSection(SolutionConfigurationPlatforms) = preSolution
		Debug|Any CPU = Debug|Any CPU
		Release|Any CPU = Release|Any CPU
	EndGlobalSection
	GlobalSection(ProjectConfigurationPlatforms) = postSolution
		{45339AC2-A31A-434D-ABBB-5675B0D4EAF9}.Debug|Any CPU.ActiveCfg = Debug|Any CPU
		{45339AC2-A31A-434D-ABBB-5675B0D4EAF9}.Debug|Any CPU.Build.0 = Debug|Any CPU
		{45339AC2-A31A-434D-ABBB-5675B0D4EAF9}.Release|Any CPU.ActiveCfg = Release|Any CPU
		{45339AC2-A31A-434D-ABBB-5675B0D4EAF9}.Release|Any CPU.Build.0 = Release|Any CPU
	EndGlobalSection
	GlobalSection(SolutionProperties) = preSolution
		HideSolutionNode = FALSE
	EndGlobalSection
	GlobalSection(ExtensibilityGlobals) = postSolution
		SolutionGuid = {1A9D9674-870C-4D21-B94F-0C66A6578465}
	EndGlobalSection
EndGlobal
